
Microsoft Visual Studio Solution File, Format Version 12.00
# Visual Studio 15
VisualStudioVersion = 15.0.27130.2003
MinimumVisualStudioVersion = 10.0.40219.1
Project("{8BC9CEB8-8B4A-11D0-8D11-00A0C91BC942}") = "BaseClasses", "third_party\win7-directshow-samples\baseclasses\baseclasses.vcxproj", "{E8A3F6FA-AE1C-4C8E-A0B6-9C8480324EAA}"
EndProject
Project("{2150E333-8FDC-42A3-9474-1A3956D46DE8}") = "Solution Items", "Solution Items", "{1FAB67FA-68C8-4CCA-8108-CA7FF38482E1}"
	ProjectSection(SolutionItems) = preProject
		README.md = README.md
	EndProjectSection
EndProject
Project("{8BC9CEB8-8B4A-11D0-8D11-00A0C91BC942}") = "shared", "shared\shared.vcxitems", "{A33BC1F3-7D93-4611-8E33-CA407C62E95A}"
EndProject
Project("{8BC9CEB8-8B4A-11D0-8D11-00A0C91BC942}") = "gst-to-dshow", "direct_show\gst-to-dshow-filter\gst-to-dshow-filter.vcxproj", "{39469123-3EB7-45F3-A15B-3854DFD2C2EB}"
EndProject
Global
	GlobalSection(SolutionConfigurationPlatforms) = preSolution
		Debug|Any CPU = Debug|Any CPU
		Debug|ARM = Debug|ARM
		Debug|x64 = Debug|x64
		Debug|x86 = Debug|x86
		Debug-Static|Any CPU = Debug-Static|Any CPU
		Debug-Static|ARM = Debug-Static|ARM
		Debug-Static|x64 = Debug-Static|x64
		Debug-Static|x86 = Debug-Static|x86
		Release|Any CPU = Release|Any CPU
		Release|ARM = Release|ARM
		Release|x64 = Release|x64
		Release|x86 = Release|x86
		Release-Static|Any CPU = Release-Static|Any CPU
		Release-Static|ARM = Release-Static|ARM
		Release-Static|x64 = Release-Static|x64
		Release-Static|x86 = Release-Static|x86
		releasex64|Any CPU = releasex64|Any CPU
		releasex64|ARM = releasex64|ARM
		releasex64|x64 = releasex64|x64
		releasex64|x86 = releasex64|x86
	EndGlobalSection
	GlobalSection(ProjectConfigurationPlatforms) = postSolution
		{E8A3F6FA-AE1C-4C8E-A0B6-9C8480324EAA}.Debug|Any CPU.ActiveCfg = Debug|Win32
		{E8A3F6FA-AE1C-4C8E-A0B6-9C8480324EAA}.Debug|ARM.ActiveCfg = Debug|Win32
		{E8A3F6FA-AE1C-4C8E-A0B6-9C8480324EAA}.Debug|x64.ActiveCfg = Debug|x64
		{E8A3F6FA-AE1C-4C8E-A0B6-9C8480324EAA}.Debug|x64.Build.0 = Debug|x64
		{E8A3F6FA-AE1C-4C8E-A0B6-9C8480324EAA}.Debug|x86.ActiveCfg = Debug|Win32
		{E8A3F6FA-AE1C-4C8E-A0B6-9C8480324EAA}.Debug|x86.Build.0 = Debug|Win32
		{E8A3F6FA-AE1C-4C8E-A0B6-9C8480324EAA}.Debug-Static|Any CPU.ActiveCfg = Debug|x64
		{E8A3F6FA-AE1C-4C8E-A0B6-9C8480324EAA}.Debug-Static|Any CPU.Build.0 = Debug|x64
		{E8A3F6FA-AE1C-4C8E-A0B6-9C8480324EAA}.Debug-Static|ARM.ActiveCfg = Debug|x64
		{E8A3F6FA-AE1C-4C8E-A0B6-9C8480324EAA}.Debug-Static|ARM.Build.0 = Debug|x64
		{E8A3F6FA-AE1C-4C8E-A0B6-9C8480324EAA}.Debug-Static|x64.ActiveCfg = Debug|x64
		{E8A3F6FA-AE1C-4C8E-A0B6-9C8480324EAA}.Debug-Static|x64.Build.0 = Debug|x64
		{E8A3F6FA-AE1C-4C8E-A0B6-9C8480324EAA}.Debug-Static|x86.ActiveCfg = Debug_MBCS|Win32
		{E8A3F6FA-AE1C-4C8E-A0B6-9C8480324EAA}.Debug-Static|x86.Build.0 = Debug_MBCS|Win32
		{E8A3F6FA-AE1C-4C8E-A0B6-9C8480324EAA}.Release|Any CPU.ActiveCfg = Release|Win32
		{E8A3F6FA-AE1C-4C8E-A0B6-9C8480324EAA}.Release|ARM.ActiveCfg = Release|Win32
		{E8A3F6FA-AE1C-4C8E-A0B6-9C8480324EAA}.Release|x64.ActiveCfg = Release|x64
		{E8A3F6FA-AE1C-4C8E-A0B6-9C8480324EAA}.Release|x64.Build.0 = Release|x64
		{E8A3F6FA-AE1C-4C8E-A0B6-9C8480324EAA}.Release|x86.ActiveCfg = Release|Win32
		{E8A3F6FA-AE1C-4C8E-A0B6-9C8480324EAA}.Release|x86.Build.0 = Release|Win32
		{E8A3F6FA-AE1C-4C8E-A0B6-9C8480324EAA}.Release-Static|Any CPU.ActiveCfg = Debug|x64
		{E8A3F6FA-AE1C-4C8E-A0B6-9C8480324EAA}.Release-Static|Any CPU.Build.0 = Debug|x64
		{E8A3F6FA-AE1C-4C8E-A0B6-9C8480324EAA}.Release-Static|ARM.ActiveCfg = Debug|x64
		{E8A3F6FA-AE1C-4C8E-A0B6-9C8480324EAA}.Release-Static|ARM.Build.0 = Debug|x64
		{E8A3F6FA-AE1C-4C8E-A0B6-9C8480324EAA}.Release-Static|x64.ActiveCfg = Release_MBCS|x64
		{E8A3F6FA-AE1C-4C8E-A0B6-9C8480324EAA}.Release-Static|x64.Build.0 = Release_MBCS|x64
		{E8A3F6FA-AE1C-4C8E-A0B6-9C8480324EAA}.Release-Static|x86.ActiveCfg = Release_MBCS|Win32
		{E8A3F6FA-AE1C-4C8E-A0B6-9C8480324EAA}.Release-Static|x86.Build.0 = Release_MBCS|Win32
		{E8A3F6FA-AE1C-4C8E-A0B6-9C8480324EAA}.releasex64|Any CPU.ActiveCfg = Debug_MBCS|x64
		{E8A3F6FA-AE1C-4C8E-A0B6-9C8480324EAA}.releasex64|Any CPU.Build.0 = Debug_MBCS|x64
		{E8A3F6FA-AE1C-4C8E-A0B6-9C8480324EAA}.releasex64|ARM.ActiveCfg = Debug_MBCS|x64
		{E8A3F6FA-AE1C-4C8E-A0B6-9C8480324EAA}.releasex64|ARM.Build.0 = Debug_MBCS|x64
		{E8A3F6FA-AE1C-4C8E-A0B6-9C8480324EAA}.releasex64|x64.ActiveCfg = Release_MBCS|x64
		{E8A3F6FA-AE1C-4C8E-A0B6-9C8480324EAA}.releasex64|x64.Build.0 = Release_MBCS|x64
		{E8A3F6FA-AE1C-4C8E-A0B6-9C8480324EAA}.releasex64|x86.ActiveCfg = Release_MBCS|Win32
		{E8A3F6FA-AE1C-4C8E-A0B6-9C8480324EAA}.releasex64|x86.Build.0 = Release_MBCS|Win32
		{39469123-3EB7-45F3-A15B-3854DFD2C2EB}.Debug|Any CPU.ActiveCfg = Debug|Win32
		{39469123-3EB7-45F3-A15B-3854DFD2C2EB}.Debug|ARM.ActiveCfg = Debug|Win32
		{39469123-3EB7-45F3-A15B-3854DFD2C2EB}.Debug|x64.ActiveCfg = Debug|x64
		{39469123-3EB7-45F3-A15B-3854DFD2C2EB}.Debug|x64.Build.0 = Debug|x64
		{39469123-3EB7-45F3-A15B-3854DFD2C2EB}.Debug|x86.ActiveCfg = Debug|Win32
		{39469123-3EB7-45F3-A15B-3854DFD2C2EB}.Debug|x86.Build.0 = Debug|Win32
		{39469123-3EB7-45F3-A15B-3854DFD2C2EB}.Debug-Static|Any CPU.ActiveCfg = releasex64|Win32
		{39469123-3EB7-45F3-A15B-3854DFD2C2EB}.Debug-Static|Any CPU.Build.0 = releasex64|Win32
		{39469123-3EB7-45F3-A15B-3854DFD2C2EB}.Debug-Static|ARM.ActiveCfg = releasex64|Win32
		{39469123-3EB7-45F3-A15B-3854DFD2C2EB}.Debug-Static|ARM.Build.0 = releasex64|Win32
		{39469123-3EB7-45F3-A15B-3854DFD2C2EB}.Debug-Static|x64.ActiveCfg = Debug|x64
		{39469123-3EB7-45F3-A15B-3854DFD2C2EB}.Debug-Static|x64.Build.0 = Debug|x64
		{39469123-3EB7-45F3-A15B-3854DFD2C2EB}.Debug-Static|x86.ActiveCfg = Debug|Win32
		{39469123-3EB7-45F3-A15B-3854DFD2C2EB}.Debug-Static|x86.Build.0 = Debug|Win32
		{39469123-3EB7-45F3-A15B-3854DFD2C2EB}.Release|Any CPU.ActiveCfg = Release|Win32
		{39469123-3EB7-45F3-A15B-3854DFD2C2EB}.Release|ARM.ActiveCfg = Release|Win32
		{39469123-3EB7-45F3-A15B-3854DFD2C2EB}.Release|x64.ActiveCfg = Release|x64
		{39469123-3EB7-45F3-A15B-3854DFD2C2EB}.Release|x64.Build.0 = Release|x64
		{39469123-3EB7-45F3-A15B-3854DFD2C2EB}.Release|x86.ActiveCfg = Release|Win32
		{39469123-3EB7-45F3-A15B-3854DFD2C2EB}.Release|x86.Build.0 = Release|Win32
		{39469123-3EB7-45F3-A15B-3854DFD2C2EB}.Release-Static|Any CPU.ActiveCfg = releasex64|Win32
		{39469123-3EB7-45F3-A15B-3854DFD2C2EB}.Release-Static|Any CPU.Build.0 = releasex64|Win32
		{39469123-3EB7-45F3-A15B-3854DFD2C2EB}.Release-Static|ARM.ActiveCfg = releasex64|Win32
		{39469123-3EB7-45F3-A15B-3854DFD2C2EB}.Release-Static|ARM.Build.0 = releasex64|Win32
		{39469123-3EB7-45F3-A15B-3854DFD2C2EB}.Release-Static|x64.ActiveCfg = releasex64|x64
		{39469123-3EB7-45F3-A15B-3854DFD2C2EB}.Release-Static|x64.Build.0 = releasex64|x64
		{39469123-3EB7-45F3-A15B-3854DFD2C2EB}.Release-Static|x86.ActiveCfg = releasex64|Win32
		{39469123-3EB7-45F3-A15B-3854DFD2C2EB}.Release-Static|x86.Build.0 = releasex64|Win32
		{39469123-3EB7-45F3-A15B-3854DFD2C2EB}.releasex64|Any CPU.ActiveCfg = releasex64|Win32
		{39469123-3EB7-45F3-A15B-3854DFD2C2EB}.releasex64|ARM.ActiveCfg = releasex64|Win32
		{39469123-3EB7-45F3-A15B-3854DFD2C2EB}.releasex64|x64.ActiveCfg = releasex64|x64
		{39469123-3EB7-45F3-A15B-3854DFD2C2EB}.releasex64|x64.Build.0 = releasex64|x64
		{39469123-3EB7-45F3-A15B-3854DFD2C2EB}.releasex64|x86.ActiveCfg = releasex64|Win32
		{39469123-3EB7-45F3-A15B-3854DFD2C2EB}.releasex64|x86.Build.0 = releasex64|Win32
	EndGlobalSection
	GlobalSection(SolutionProperties) = preSolution
		HideSolutionNode = FALSE
	EndGlobalSection
	GlobalSection(ExtensibilityGlobals) = postSolution
		SolutionGuid = {AFEA5B48-9844-463C-9B82-079B18A01875}
	EndGlobalSection
EndGlobal
